
Microsoft Visual Studio Solution File, Format Version 12.00
# Visual Studio Version 17
VisualStudioVersion = 17.9.34622.214
MinimumVisualStudioVersion = 10.0.40219.1
Project("{8BC9CEB8-8B4A-11D0-8D11-00A0C91BC942}") = "Polymorph", "ParadigmaOOP2_0151\ParadigmaOOP2_0151.vcxproj", "{9729A8B1-F54C-4973-BF17-131829B989AA}"
EndProject
Project("{8BC9CEB8-8B4A-11D0-8D11-00A0C91BC942}") = "noOverriding", "noOverriding\noOverriding.vcxproj", "{DC84BC8C-FFB6-4683-8AA5-C7C945F58DF4}"
EndProject
Global
	GlobalSection(SolutionConfigurationPlatforms) = preSolution
		Debug|x64 = Debug|x64
		Debug|x86 = Debug|x86
		Release|x64 = Release|x64
		Release|x86 = Release|x86
	EndGlobalSection
	GlobalSection(ProjectConfigurationPlatforms) = postSolution
		{9729A8B1-F54C-4973-BF17-131829B989AA}.Debug|x64.ActiveCfg = Debug|x64
		{9729A8B1-F54C-4973-BF17-131829B989AA}.Debug|x64.Build.0 = Debug|x64
		{9729A8B1-F54C-4973-BF17-131829B989AA}.Debug|x86.ActiveCfg = Debug|Win32
		{9729A8B1-F54C-4973-BF17-131829B989AA}.Debug|x86.Build.0 = Debug|Win32
		{9729A8B1-F54C-4973-BF17-131829B989AA}.Release|x64.ActiveCfg = Release|x64
		{9729A8B1-F54C-4973-BF17-131829B989AA}.Release|x64.Build.0 = Release|x64
		{9729A8B1-F54C-4973-BF17-131829B989AA}.Release|x86.ActiveCfg = Release|Win32
		{9729A8B1-F54C-4973-BF17-131829B989AA}.Release|x86.Build.0 = Release|Win32
		{DC84BC8C-FFB6-4683-8AA5-C7C945F58DF4}.Debug|x64.ActiveCfg = Debug|x64
		{DC84BC8C-FFB6-4683-8AA5-C7C945F58DF4}.Debug|x64.Build.0 = Debug|x64
		{DC84BC8C-FFB6-4683-8AA5-C7C945F58DF4}.Debug|x86.ActiveCfg = Debug|Win32
		{DC84BC8C-FFB6-4683-8AA5-C7C945F58DF4}.Debug|x86.Build.0 = Debug|Win32
		{DC84BC8C-FFB6-4683-8AA5-C7C945F58DF4}.Release|x64.ActiveCfg = Release|x64
		{DC84BC8C-FFB6-4683-8AA5-C7C945F58DF4}.Release|x64.Build.0 = Release|x64
		{DC84BC8C-FFB6-4683-8AA5-C7C945F58DF4}.Release|x86.ActiveCfg = Release|Win32
		{DC84BC8C-FFB6-4683-8AA5-C7C945F58DF4}.Release|x86.Build.0 = Release|Win32
	EndGlobalSection
	GlobalSection(SolutionProperties) = preSolution
		HideSolutionNode = FALSE
	EndGlobalSection
	GlobalSection(ExtensibilityGlobals) = postSolution
		SolutionGuid = {ED8B150F-AAA3-4C40-8E7B-2FAF4BC1CF51}
	EndGlobalSection
EndGlobal
